
Microsoft Visual Studio Solution File, Format Version 12.00
# Visual Studio Version 16
VisualStudioVersion = 16.0.31402.337
MinimumVisualStudioVersion = 10.0.40219.1
Project("{9A19103F-16F7-4668-BE54-9A1E7A4F7556}") = "AsmInCsharp.CS", "AsmInCsharp.CS\AsmInCsharp.CS.csproj", "{B1901635-DC59-4851-B913-E2F1444C98BA}"
EndProject
Project("{8BC9CEB8-8B4A-11D0-8D11-00A0C91BC942}") = "AsmInCsharp.Asm", "AsmInCsharp.Asm\AsmInCsharp.Asm.vcxproj", "{B6C9DD35-CE16-44F2-BFF1-B08141295845}"
EndProject
Global
	GlobalSection(SolutionConfigurationPlatforms) = preSolution
		Debug|Any CPU = Debug|Any CPU
		Debug|x64 = Debug|x64
		Debug|x86 = Debug|x86
		Release|Any CPU = Release|Any CPU
		Release|x64 = Release|x64
		Release|x86 = Release|x86
	EndGlobalSection
	GlobalSection(ProjectConfigurationPlatforms) = postSolution
		{B1901635-DC59-4851-B913-E2F1444C98BA}.Debug|Any CPU.ActiveCfg = Debug|Any CPU
		{B1901635-DC59-4851-B913-E2F1444C98BA}.Debug|Any CPU.Build.0 = Debug|Any CPU
		{B1901635-DC59-4851-B913-E2F1444C98BA}.Debug|x64.ActiveCfg = Debug|Any CPU
		{B1901635-DC59-4851-B913-E2F1444C98BA}.Debug|x64.Build.0 = Debug|Any CPU
		{B1901635-DC59-4851-B913-E2F1444C98BA}.Debug|x86.ActiveCfg = Debug|Any CPU
		{B1901635-DC59-4851-B913-E2F1444C98BA}.Debug|x86.Build.0 = Debug|Any CPU
		{B1901635-DC59-4851-B913-E2F1444C98BA}.Release|Any CPU.ActiveCfg = Release|Any CPU
		{B1901635-DC59-4851-B913-E2F1444C98BA}.Release|Any CPU.Build.0 = Release|Any CPU
		{B1901635-DC59-4851-B913-E2F1444C98BA}.Release|x64.ActiveCfg = Release|Any CPU
		{B1901635-DC59-4851-B913-E2F1444C98BA}.Release|x64.Build.0 = Release|Any CPU
		{B1901635-DC59-4851-B913-E2F1444C98BA}.Release|x86.ActiveCfg = Release|Any CPU
		{B1901635-DC59-4851-B913-E2F1444C98BA}.Release|x86.Build.0 = Release|Any CPU
		{B6C9DD35-CE16-44F2-BFF1-B08141295845}.Debug|Any CPU.ActiveCfg = Debug|Win32
		{B6C9DD35-CE16-44F2-BFF1-B08141295845}.Debug|x64.ActiveCfg = Debug|x64
		{B6C9DD35-CE16-44F2-BFF1-B08141295845}.Debug|x64.Build.0 = Debug|x64
		{B6C9DD35-CE16-44F2-BFF1-B08141295845}.Debug|x86.ActiveCfg = Debug|Win32
		{B6C9DD35-CE16-44F2-BFF1-B08141295845}.Debug|x86.Build.0 = Debug|Win32
		{B6C9DD35-CE16-44F2-BFF1-B08141295845}.Release|Any CPU.ActiveCfg = Release|Win32
		{B6C9DD35-CE16-44F2-BFF1-B08141295845}.Release|x64.ActiveCfg = Release|x64
		{B6C9DD35-CE16-44F2-BFF1-B08141295845}.Release|x64.Build.0 = Release|x64
		{B6C9DD35-CE16-44F2-BFF1-B08141295845}.Release|x86.ActiveCfg = Release|Win32
		{B6C9DD35-CE16-44F2-BFF1-B08141295845}.Release|x86.Build.0 = Release|Win32
	EndGlobalSection
	GlobalSection(SolutionProperties) = preSolution
		HideSolutionNode = FALSE
	EndGlobalSection
	GlobalSection(ExtensibilityGlobals) = postSolution
		SolutionGuid = {5E138DC9-168F-4B67-BA44-9F81D7B538A7}
	EndGlobalSection
EndGlobal
